{
  "name": "node-calculator",
  "version": "1.0.0",
  "lockfileVersion": 2,
  "requires": true,
  "packages": {
    "": {
      "name": "node-calculator",
      "version": "1.0.0",
      "license": "ISC",
      "dependencies": {
        "node-calculator": "^1.0.0",
        "readline-sync": "^1.4.10"
      }
    },
    "node_modules/argv": {
      "version": "0.0.2",
      "resolved": "https://registry.npmjs.org/argv/-/argv-0.0.2.tgz",
      "integrity": "sha512-dEamhpPEwRUBpLNHeuCm/v+g0anFByHahxodVO/BbAarHVBBg2MccCwf9K+o1Pof+2btdnkJelYVUWjW/VrATw==",
      "engines": {
        "node": ">=0.6.10"
      }
    },
    "node_modules/node-calculator": {
      "version": "1.0.0",
      "resolved": "https://registry.npmjs.org/node-calculator/-/node-calculator-1.0.0.tgz",
      "integrity": "sha512-DUYjmitD3Df2QWQrPOM43ShK/hImRo9fUIW4FAZo1swV/LTTeuu3sZJ3mdUT/oBWPWjUgWwgWYvY8sGipewMHg==",
      "dependencies": {
        "argv": "0.0.2"
      },
      "bin": {
        "node-calculator": "bin/cal"
      }
    },
    "node_modules/readline-sync": {
      "version": "1.4.10",
      "resolved": "https://registry.npmjs.org/readline-sync/-/readline-sync-1.4.10.tgz",
      "integrity": "sha512-gNva8/6UAe8QYepIQH/jQ2qn91Qj0B9sYjMBBs3QOB8F2CXcKgLxQaJRP76sWVRQt+QU+8fAkCbCvjjMFu7Ycw==",
      "engines": {
        "node": ">= 0.8.0"
      }
    }
  },
  "dependencies": {
    "argv": {
      "version": "0.0.2",
      "resolved": "https://registry.npmjs.org/argv/-/argv-0.0.2.tgz",
      "integrity": "sha512-dEamhpPEwRUBpLNHeuCm/v+g0anFByHahxodVO/BbAarHVBBg2MccCwf9K+o1Pof+2btdnkJelYVUWjW/VrATw=="
    },
    "node-calculator": {
      "version": "1.0.0",
      "resolved": "https://registry.npmjs.org/node-calculator/-/node-calculator-1.0.0.tgz",
      "integrity": "sha512-DUYjmitD3Df2QWQrPOM43ShK/hImRo9fUIW4FAZo1swV/LTTeuu3sZJ3mdUT/oBWPWjUgWwgWYvY8sGipewMHg==",
      "requires": {
        "argv": "0.0.2"
      }
    },
    "readline-sync": {
      "version": "1.4.10",
      "resolved": "https://registry.npmjs.org/readline-sync/-/readline-sync-1.4.10.tgz",
      "integrity": "sha512-gNva8/6UAe8QYepIQH/jQ2qn91Qj0B9sYjMBBs3QOB8F2CXcKgLxQaJRP76sWVRQt+QU+8fAkCbCvjjMFu7Ycw=="
    }
  }
}
